// !$*UTF8*$!
{
	archiveVersion = 1;
	classes = {
	};
	objectVersion = 46;
	objects = {

/* Begin PBXBuildFile section */
		68CBC4F751929E9B654A0D49 /* libPods-Fyber.a in Frameworks */ = {isa = PBXBuildFile; fileRef = 1A89897C0761100E2E49612E /* libPods-Fyber.a */; };
		6DB755496D40E7796D12531C /* libPods-FyberSDK.a in Frameworks */ = {isa = PBXBuildFile; fileRef = 2A9F27A9538E3B11BF4B18C7 /* libPods-FyberSDK.a */; };
		7A2BC5761BDE6B8B008B16E1 /* FyberSDK.framework in Frameworks */ = {isa = PBXBuildFile; fileRef = 7A2BC56C1BDE6B8B008B16E1 /* FyberSDK.framework */; };
		7A2BC57D1BDE6B8B008B16E1 /* FyberSDKTests.m in Sources */ = {isa = PBXBuildFile; fileRef = 7A2BC57C1BDE6B8B008B16E1 /* FyberSDKTests.m */; };
		7A2BC5811BDE6B8B008B16E1 /* FyberSDK.framework in Frameworks */ = {isa = PBXBuildFile; fileRef = 7A2BC56C1BDE6B8B008B16E1 /* FyberSDK.framework */; };
		7A2BC5821BDE6B8B008B16E1 /* FyberSDK.framework in Embed Frameworks */ = {isa = PBXBuildFile; fileRef = 7A2BC56C1BDE6B8B008B16E1 /* FyberSDK.framework */; settings = {ATTRIBUTES = (CodeSignOnCopy, RemoveHeadersOnCopy, ); }; };
		7A2BC58C1BDE6C29008B16E1 /* FyberSDK.h in Headers */ = {isa = PBXBuildFile; fileRef = 7A2BC58A1BDE6C29008B16E1 /* FyberSDK.h */; settings = {ATTRIBUTES = (Public, ); }; };
		7A2BC58D1BDE6C29008B16E1 /* FyberSDK.m in Sources */ = {isa = PBXBuildFile; fileRef = 7A2BC58B1BDE6C29008B16E1 /* FyberSDK.m */; };
		7A2BC58E1BDE7250008B16E1 /* FBRAPI.m in Sources */ = {isa = PBXBuildFile; fileRef = 7AB90D7D1BA1BF9A00479E68 /* FBRAPI.m */; };
		7A2BC58F1BDE7250008B16E1 /* NSArray+JSONString.m in Sources */ = {isa = PBXBuildFile; fileRef = 7AB90D811BA1D17F00479E68 /* NSArray+JSONString.m */; };
		7A2BC5901BDE7250008B16E1 /* NSDictionary+JSONString.m in Sources */ = {isa = PBXBuildFile; fileRef = 7AB90D831BA1D17F00479E68 /* NSDictionary+JSONString.m */; };
		7A2BC5911BDE7250008B16E1 /* NSString+Networking.m in Sources */ = {isa = PBXBuildFile; fileRef = 7AB90D851BA1D17F00479E68 /* NSString+Networking.m */; };
		7A2BC5921BDE7250008B16E1 /* WebObject.m in Sources */ = {isa = PBXBuildFile; fileRef = 7AEC6D8C1BA2DCAC00A33B43 /* WebObject.m */; };
		7A2BC5931BDE7250008B16E1 /* FBROffer.m in Sources */ = {isa = PBXBuildFile; fileRef = 7AEC6D8F1BA2DD5100A33B43 /* FBROffer.m */; };
		7A2BC5941BDE7250008B16E1 /* OfferImage.m in Sources */ = {isa = PBXBuildFile; fileRef = 7AEC6D921BA2F2E600A33B43 /* OfferImage.m */; };
		7A2BC5951BDE7250008B16E1 /* NewOfferTableViewCell.m in Sources */ = {isa = PBXBuildFile; fileRef = 7A68D7B01BA6E48F00021FDE /* NewOfferTableViewCell.m */; };
		7A2BC5961BDE7250008B16E1 /* NewOffersTableViewController.m in Sources */ = {isa = PBXBuildFile; fileRef = 7A68D7A91BA6E04B00021FDE /* NewOffersTableViewController.m */; };
		7A2BC5971BDE726B008B16E1 /* FBRAPI.h in Headers */ = {isa = PBXBuildFile; fileRef = 7AB90D7C1BA1BF9A00479E68 /* FBRAPI.h */; };
		7A2BC5981BDE726B008B16E1 /* NSArray+JSONString.h in Headers */ = {isa = PBXBuildFile; fileRef = 7AB90D801BA1D17F00479E68 /* NSArray+JSONString.h */; };
		7A2BC5991BDE726B008B16E1 /* NSDictionary+JSONString.h in Headers */ = {isa = PBXBuildFile; fileRef = 7AB90D821BA1D17F00479E68 /* NSDictionary+JSONString.h */; };
		7A2BC59A1BDE726B008B16E1 /* NSString+Networking.h in Headers */ = {isa = PBXBuildFile; fileRef = 7AB90D841BA1D17F00479E68 /* NSString+Networking.h */; };
		7A2BC59B1BDE726B008B16E1 /* WebObject.h in Headers */ = {isa = PBXBuildFile; fileRef = 7AEC6D8B1BA2DCAC00A33B43 /* WebObject.h */; };
		7A2BC59C1BDE726B008B16E1 /* FBROffer.h in Headers */ = {isa = PBXBuildFile; fileRef = 7AEC6D8E1BA2DD5100A33B43 /* FBROffer.h */; };
		7A2BC59D1BDE726B008B16E1 /* OfferImage.h in Headers */ = {isa = PBXBuildFile; fileRef = 7AEC6D911BA2F2E600A33B43 /* OfferImage.h */; };
		7A2BC59E1BDE726B008B16E1 /* NewOfferTableViewCell.h in Headers */ = {isa = PBXBuildFile; fileRef = 7A68D7AF1BA6E48F00021FDE /* NewOfferTableViewCell.h */; };
		7A2BC59F1BDE726B008B16E1 /* NewOffersTableViewController.h in Headers */ = {isa = PBXBuildFile; fileRef = 7A68D7A81BA6E04A00021FDE /* NewOffersTableViewController.h */; };
		7A33E51D1BA378070093B137 /* SampleSpec.m in Sources */ = {isa = PBXBuildFile; fileRef = 7A33E51C1BA378070093B137 /* SampleSpec.m */; };
		7A43DB551BA3711E00B3F3BF /* FyberTests.m in Sources */ = {isa = PBXBuildFile; fileRef = 7A43DB541BA3711E00B3F3BF /* FyberTests.m */; };
		7A5EC5AF1BA6007400920FD5 /* ViewControllerSpec.m in Sources */ = {isa = PBXBuildFile; fileRef = 7A5EC5AE1BA6007400920FD5 /* ViewControllerSpec.m */; };
		7A9930D01BDE81BB00900CFE /* NewOffersTableViewControllerProtocol.h in Headers */ = {isa = PBXBuildFile; fileRef = 7A9930CF1BDE81BB00900CFE /* NewOffersTableViewControllerProtocol.h */; settings = {ATTRIBUTES = (Public, ); }; };
		7A9930D21BDE861000900CFE /* NewOfferTableViewCell.xib in Resources */ = {isa = PBXBuildFile; fileRef = 7A68D7AD1BA6E2E800021FDE /* NewOfferTableViewCell.xib */; };
		7A9930D31BDE8A3300900CFE /* NewOfferTableViewCell.xib in Resources */ = {isa = PBXBuildFile; fileRef = 7A68D7AD1BA6E2E800021FDE /* NewOfferTableViewCell.xib */; };
		7AB90D661BA1A43500479E68 /* main.m in Sources */ = {isa = PBXBuildFile; fileRef = 7AB90D651BA1A43500479E68 /* main.m */; };
		7AB90D691BA1A43500479E68 /* AppDelegate.m in Sources */ = {isa = PBXBuildFile; fileRef = 7AB90D681BA1A43500479E68 /* AppDelegate.m */; };
		7AB90D6C1BA1A43500479E68 /* ViewController.m in Sources */ = {isa = PBXBuildFile; fileRef = 7AB90D6B1BA1A43500479E68 /* ViewController.m */; };
		7AB90D6F1BA1A43500479E68 /* Main.storyboard in Resources */ = {isa = PBXBuildFile; fileRef = 7AB90D6D1BA1A43500479E68 /* Main.storyboard */; };
		7AB90D711BA1A43500479E68 /* Assets.xcassets in Resources */ = {isa = PBXBuildFile; fileRef = 7AB90D701BA1A43500479E68 /* Assets.xcassets */; };
		7AB90D741BA1A43500479E68 /* LaunchScreen.storyboard in Resources */ = {isa = PBXBuildFile; fileRef = 7AB90D721BA1A43500479E68 /* LaunchScreen.storyboard */; };
		7AEC6D961BA2FF3800A33B43 /* OffersTableViewController.m in Sources */ = {isa = PBXBuildFile; fileRef = 7AEC6D951BA2FF3800A33B43 /* OffersTableViewController.m */; };
		7AEC6D991BA3070300A33B43 /* OfferTableViewCell.m in Sources */ = {isa = PBXBuildFile; fileRef = 7AEC6D981BA3070300A33B43 /* OfferTableViewCell.m */; };
		BF061CB08A16DB1A97391BBF /* libPods-FyberTests.a in Frameworks */ = {isa = PBXBuildFile; fileRef = 1786D203A5FFB219A5D0B212 /* libPods-FyberTests.a */; };
/* End PBXBuildFile section */

/* Begin PBXContainerItemProxy section */
		7A2BC5771BDE6B8B008B16E1 /* PBXContainerItemProxy */ = {
			isa = PBXContainerItemProxy;
			containerPortal = 7AB90D591BA1A43500479E68 /* Project object */;
			proxyType = 1;
			remoteGlobalIDString = 7A2BC56B1BDE6B8B008B16E1;
			remoteInfo = FyberSDK;
		};
		7A2BC5791BDE6B8B008B16E1 /* PBXContainerItemProxy */ = {
			isa = PBXContainerItemProxy;
			containerPortal = 7AB90D591BA1A43500479E68 /* Project object */;
			proxyType = 1;
			remoteGlobalIDString = 7AB90D601BA1A43500479E68;
			remoteInfo = Fyber;
		};
		7A2BC57F1BDE6B8B008B16E1 /* PBXContainerItemProxy */ = {
			isa = PBXContainerItemProxy;
			containerPortal = 7AB90D591BA1A43500479E68 /* Project object */;
			proxyType = 1;
			remoteGlobalIDString = 7A2BC56B1BDE6B8B008B16E1;
			remoteInfo = FyberSDK;
		};
		7A43DB571BA3711E00B3F3BF /* PBXContainerItemProxy */ = {
			isa = PBXContainerItemProxy;
			containerPortal = 7AB90D591BA1A43500479E68 /* Project object */;
			proxyType = 1;
			remoteGlobalIDString = 7AB90D601BA1A43500479E68;
			remoteInfo = Fyber;
		};
/* End PBXContainerItemProxy section */

/* Begin PBXCopyFilesBuildPhase section */
		7A2BC5861BDE6B8B008B16E1 /* Embed Frameworks */ = {
			isa = PBXCopyFilesBuildPhase;
			buildActionMask = 2147483647;
			dstPath = "";
			dstSubfolderSpec = 10;
			files = (
				7A2BC5821BDE6B8B008B16E1 /* FyberSDK.framework in Embed Frameworks */,
			);
			name = "Embed Frameworks";
			runOnlyForDeploymentPostprocessing = 0;
		};
/* End PBXCopyFilesBuildPhase section */

/* Begin PBXFileReference section */
		1786D203A5FFB219A5D0B212 /* libPods-FyberTests.a */ = {isa = PBXFileReference; explicitFileType = archive.ar; includeInIndex = 0; path = "libPods-FyberTests.a"; sourceTree = BUILT_PRODUCTS_DIR; };
		1A89897C0761100E2E49612E /* libPods-Fyber.a */ = {isa = PBXFileReference; explicitFileType = archive.ar; includeInIndex = 0; path = "libPods-Fyber.a"; sourceTree = BUILT_PRODUCTS_DIR; };
		2A9F27A9538E3B11BF4B18C7 /* libPods-FyberSDK.a */ = {isa = PBXFileReference; explicitFileType = archive.ar; includeInIndex = 0; path = "libPods-FyberSDK.a"; sourceTree = BUILT_PRODUCTS_DIR; };
		2D4FA7EC3FBC5754D798442D /* Pods.release.xcconfig */ = {isa = PBXFileReference; includeInIndex = 1; lastKnownFileType = text.xcconfig; name = Pods.release.xcconfig; path = "Pods/Target Support Files/Pods/Pods.release.xcconfig"; sourceTree = "<group>"; };
		3D3886C589C8E4FF7BE823D7 /* Pods-FyberTests.debug.xcconfig */ = {isa = PBXFileReference; includeInIndex = 1; lastKnownFileType = text.xcconfig; name = "Pods-FyberTests.debug.xcconfig"; path = "Pods/Target Support Files/Pods-FyberTests/Pods-FyberTests.debug.xcconfig"; sourceTree = "<group>"; };
		55DB0D14FF71B3834B38A06E /* Pods-FyberSDK.release.xcconfig */ = {isa = PBXFileReference; includeInIndex = 1; lastKnownFileType = text.xcconfig; name = "Pods-FyberSDK.release.xcconfig"; path = "Pods/Target Support Files/Pods-FyberSDK/Pods-FyberSDK.release.xcconfig"; sourceTree = "<group>"; };
		5A2126169B7BC8A8784635D5 /* Pods-FyberTests.release.xcconfig */ = {isa = PBXFileReference; includeInIndex = 1; lastKnownFileType = text.xcconfig; name = "Pods-FyberTests.release.xcconfig"; path = "Pods/Target Support Files/Pods-FyberTests/Pods-FyberTests.release.xcconfig"; sourceTree = "<group>"; };
		663895658603199BED9908BE /* libPods.a */ = {isa = PBXFileReference; explicitFileType = archive.ar; includeInIndex = 0; path = libPods.a; sourceTree = BUILT_PRODUCTS_DIR; };
		7A2BC56C1BDE6B8B008B16E1 /* FyberSDK.framework */ = {isa = PBXFileReference; explicitFileType = wrapper.framework; includeInIndex = 0; path = FyberSDK.framework; sourceTree = BUILT_PRODUCTS_DIR; };
		7A2BC5701BDE6B8B008B16E1 /* Info.plist */ = {isa = PBXFileReference; lastKnownFileType = text.plist.xml; path = Info.plist; sourceTree = "<group>"; };
		7A2BC5751BDE6B8B008B16E1 /* FyberSDKTests.xctest */ = {isa = PBXFileReference; explicitFileType = wrapper.cfbundle; includeInIndex = 0; path = FyberSDKTests.xctest; sourceTree = BUILT_PRODUCTS_DIR; };
		7A2BC57C1BDE6B8B008B16E1 /* FyberSDKTests.m */ = {isa = PBXFileReference; lastKnownFileType = sourcecode.c.objc; path = FyberSDKTests.m; sourceTree = "<group>"; };
		7A2BC57E1BDE6B8B008B16E1 /* Info.plist */ = {isa = PBXFileReference; lastKnownFileType = text.plist.xml; path = Info.plist; sourceTree = "<group>"; };
		7A2BC58A1BDE6C29008B16E1 /* FyberSDK.h */ = {isa = PBXFileReference; fileEncoding = 4; lastKnownFileType = sourcecode.c.h; path = FyberSDK.h; sourceTree = "<group>"; };
		7A2BC58B1BDE6C29008B16E1 /* FyberSDK.m */ = {isa = PBXFileReference; fileEncoding = 4; lastKnownFileType = sourcecode.c.objc; path = FyberSDK.m; sourceTree = "<group>"; };
		7A33E51C1BA378070093B137 /* SampleSpec.m */ = {isa = PBXFileReference; fileEncoding = 4; lastKnownFileType = sourcecode.c.objc; path = SampleSpec.m; sourceTree = "<group>"; };
		7A43DB521BA3711E00B3F3BF /* FyberTests.xctest */ = {isa = PBXFileReference; explicitFileType = wrapper.cfbundle; includeInIndex = 0; path = FyberTests.xctest; sourceTree = BUILT_PRODUCTS_DIR; };
		7A43DB541BA3711E00B3F3BF /* FyberTests.m */ = {isa = PBXFileReference; lastKnownFileType = sourcecode.c.objc; path = FyberTests.m; sourceTree = "<group>"; };
		7A43DB561BA3711E00B3F3BF /* Info.plist */ = {isa = PBXFileReference; lastKnownFileType = text.plist.xml; path = Info.plist; sourceTree = "<group>"; };
		7A5EC5AE1BA6007400920FD5 /* ViewControllerSpec.m */ = {isa = PBXFileReference; fileEncoding = 4; lastKnownFileType = sourcecode.c.objc; path = ViewControllerSpec.m; sourceTree = "<group>"; };
		7A68D7A81BA6E04A00021FDE /* NewOffersTableViewController.h */ = {isa = PBXFileReference; fileEncoding = 4; lastKnownFileType = sourcecode.c.h; name = NewOffersTableViewController.h; path = ../Fyber/NewOffersTableViewController.h; sourceTree = "<group>"; };
		7A68D7A91BA6E04B00021FDE /* NewOffersTableViewController.m */ = {isa = PBXFileReference; fileEncoding = 4; lastKnownFileType = sourcecode.c.objc; name = NewOffersTableViewController.m; path = ../Fyber/NewOffersTableViewController.m; sourceTree = "<group>"; };
		7A68D7AD1BA6E2E800021FDE /* NewOfferTableViewCell.xib */ = {isa = PBXFileReference; fileEncoding = 4; lastKnownFileType = file.xib; path = NewOfferTableViewCell.xib; sourceTree = "<group>"; };
		7A68D7AF1BA6E48F00021FDE /* NewOfferTableViewCell.h */ = {isa = PBXFileReference; fileEncoding = 4; lastKnownFileType = sourcecode.c.h; path = NewOfferTableViewCell.h; sourceTree = "<group>"; };
		7A68D7B01BA6E48F00021FDE /* NewOfferTableViewCell.m */ = {isa = PBXFileReference; fileEncoding = 4; lastKnownFileType = sourcecode.c.objc; path = NewOfferTableViewCell.m; sourceTree = "<group>"; };
		7A9930CF1BDE81BB00900CFE /* NewOffersTableViewControllerProtocol.h */ = {isa = PBXFileReference; fileEncoding = 4; lastKnownFileType = sourcecode.c.h; path = NewOffersTableViewControllerProtocol.h; sourceTree = "<group>"; };
		7AB90D611BA1A43500479E68 /* Fyber.app */ = {isa = PBXFileReference; explicitFileType = wrapper.application; includeInIndex = 0; path = Fyber.app; sourceTree = BUILT_PRODUCTS_DIR; };
		7AB90D651BA1A43500479E68 /* main.m */ = {isa = PBXFileReference; lastKnownFileType = sourcecode.c.objc; path = main.m; sourceTree = "<group>"; };
		7AB90D671BA1A43500479E68 /* AppDelegate.h */ = {isa = PBXFileReference; lastKnownFileType = sourcecode.c.h; path = AppDelegate.h; sourceTree = "<group>"; };
		7AB90D681BA1A43500479E68 /* AppDelegate.m */ = {isa = PBXFileReference; lastKnownFileType = sourcecode.c.objc; path = AppDelegate.m; sourceTree = "<group>"; };
		7AB90D6A1BA1A43500479E68 /* ViewController.h */ = {isa = PBXFileReference; lastKnownFileType = sourcecode.c.h; path = ViewController.h; sourceTree = "<group>"; };
		7AB90D6B1BA1A43500479E68 /* ViewController.m */ = {isa = PBXFileReference; lastKnownFileType = sourcecode.c.objc; path = ViewController.m; sourceTree = "<group>"; };
		7AB90D6E1BA1A43500479E68 /* Base */ = {isa = PBXFileReference; lastKnownFileType = file.storyboard; name = Base; path = Base.lproj/Main.storyboard; sourceTree = "<group>"; };
		7AB90D701BA1A43500479E68 /* Assets.xcassets */ = {isa = PBXFileReference; lastKnownFileType = folder.assetcatalog; path = Assets.xcassets; sourceTree = "<group>"; };
		7AB90D731BA1A43500479E68 /* Base */ = {isa = PBXFileReference; lastKnownFileType = file.storyboard; name = Base; path = Base.lproj/LaunchScreen.storyboard; sourceTree = "<group>"; };
		7AB90D751BA1A43500479E68 /* Info.plist */ = {isa = PBXFileReference; lastKnownFileType = text.plist.xml; path = Info.plist; sourceTree = "<group>"; };
		7AB90D7C1BA1BF9A00479E68 /* FBRAPI.h */ = {isa = PBXFileReference; fileEncoding = 4; lastKnownFileType = sourcecode.c.h; name = FBRAPI.h; path = API/FBRAPI.h; sourceTree = "<group>"; };
		7AB90D7D1BA1BF9A00479E68 /* FBRAPI.m */ = {isa = PBXFileReference; fileEncoding = 4; lastKnownFileType = sourcecode.c.objc; name = FBRAPI.m; path = API/FBRAPI.m; sourceTree = "<group>"; };
		7AB90D801BA1D17F00479E68 /* NSArray+JSONString.h */ = {isa = PBXFileReference; fileEncoding = 4; lastKnownFileType = sourcecode.c.h; name = "NSArray+JSONString.h"; path = "Vendors/NSArray+JSONString.h"; sourceTree = "<group>"; };
		7AB90D811BA1D17F00479E68 /* NSArray+JSONString.m */ = {isa = PBXFileReference; fileEncoding = 4; lastKnownFileType = sourcecode.c.objc; name = "NSArray+JSONString.m"; path = "Vendors/NSArray+JSONString.m"; sourceTree = "<group>"; };
		7AB90D821BA1D17F00479E68 /* NSDictionary+JSONString.h */ = {isa = PBXFileReference; fileEncoding = 4; lastKnownFileType = sourcecode.c.h; name = "NSDictionary+JSONString.h"; path = "Vendors/NSDictionary+JSONString.h"; sourceTree = "<group>"; };
		7AB90D831BA1D17F00479E68 /* NSDictionary+JSONString.m */ = {isa = PBXFileReference; fileEncoding = 4; lastKnownFileType = sourcecode.c.objc; name = "NSDictionary+JSONString.m"; path = "Vendors/NSDictionary+JSONString.m"; sourceTree = "<group>"; };
		7AB90D841BA1D17F00479E68 /* NSString+Networking.h */ = {isa = PBXFileReference; fileEncoding = 4; lastKnownFileType = sourcecode.c.h; name = "NSString+Networking.h"; path = "Vendors/NSString+Networking.h"; sourceTree = "<group>"; };
		7AB90D851BA1D17F00479E68 /* NSString+Networking.m */ = {isa = PBXFileReference; fileEncoding = 4; lastKnownFileType = sourcecode.c.objc; name = "NSString+Networking.m"; path = "Vendors/NSString+Networking.m"; sourceTree = "<group>"; };
		7AEC6D8B1BA2DCAC00A33B43 /* WebObject.h */ = {isa = PBXFileReference; fileEncoding = 4; lastKnownFileType = sourcecode.c.h; name = WebObject.h; path = Model/WebObject.h; sourceTree = "<group>"; };
		7AEC6D8C1BA2DCAC00A33B43 /* WebObject.m */ = {isa = PBXFileReference; fileEncoding = 4; lastKnownFileType = sourcecode.c.objc; name = WebObject.m; path = Model/WebObject.m; sourceTree = "<group>"; };
		7AEC6D8E1BA2DD5100A33B43 /* FBROffer.h */ = {isa = PBXFileReference; fileEncoding = 4; lastKnownFileType = sourcecode.c.h; name = FBROffer.h; path = Model/FBROffer.h; sourceTree = "<group>"; };
		7AEC6D8F1BA2DD5100A33B43 /* FBROffer.m */ = {isa = PBXFileReference; fileEncoding = 4; lastKnownFileType = sourcecode.c.objc; name = FBROffer.m; path = Model/FBROffer.m; sourceTree = "<group>"; };
		7AEC6D911BA2F2E600A33B43 /* OfferImage.h */ = {isa = PBXFileReference; fileEncoding = 4; lastKnownFileType = sourcecode.c.h; name = OfferImage.h; path = Model/OfferImage.h; sourceTree = "<group>"; };
		7AEC6D921BA2F2E600A33B43 /* OfferImage.m */ = {isa = PBXFileReference; fileEncoding = 4; lastKnownFileType = sourcecode.c.objc; name = OfferImage.m; path = Model/OfferImage.m; sourceTree = "<group>"; };
		7AEC6D941BA2FF3800A33B43 /* OffersTableViewController.h */ = {isa = PBXFileReference; fileEncoding = 4; lastKnownFileType = sourcecode.c.h; path = OffersTableViewController.h; sourceTree = "<group>"; };
		7AEC6D951BA2FF3800A33B43 /* OffersTableViewController.m */ = {isa = PBXFileReference; fileEncoding = 4; lastKnownFileType = sourcecode.c.objc; path = OffersTableViewController.m; sourceTree = "<group>"; };
		7AEC6D971BA3070300A33B43 /* OfferTableViewCell.h */ = {isa = PBXFileReference; fileEncoding = 4; lastKnownFileType = sourcecode.c.h; path = OfferTableViewCell.h; sourceTree = "<group>"; };
		7AEC6D981BA3070300A33B43 /* OfferTableViewCell.m */ = {isa = PBXFileReference; fileEncoding = 4; lastKnownFileType = sourcecode.c.objc; path = OfferTableViewCell.m; sourceTree = "<group>"; };
		999F872F02B85EEF8C0F634D /* Pods-Fyber.debug.xcconfig */ = {isa = PBXFileReference; includeInIndex = 1; lastKnownFileType = text.xcconfig; name = "Pods-Fyber.debug.xcconfig"; path = "Pods/Target Support Files/Pods-Fyber/Pods-Fyber.debug.xcconfig"; sourceTree = "<group>"; };
		B593928DB395119EE07FEF9A /* Pods-FyberSDK.debug.xcconfig */ = {isa = PBXFileReference; includeInIndex = 1; lastKnownFileType = text.xcconfig; name = "Pods-FyberSDK.debug.xcconfig"; path = "Pods/Target Support Files/Pods-FyberSDK/Pods-FyberSDK.debug.xcconfig"; sourceTree = "<group>"; };
		BA1EDAF2146FA69A33784F4D /* Pods.debug.xcconfig */ = {isa = PBXFileReference; includeInIndex = 1; lastKnownFileType = text.xcconfig; name = Pods.debug.xcconfig; path = "Pods/Target Support Files/Pods/Pods.debug.xcconfig"; sourceTree = "<group>"; };
		CC923AC500F208CA8CC47924 /* Pods-Fyber.release.xcconfig */ = {isa = PBXFileReference; includeInIndex = 1; lastKnownFileType = text.xcconfig; name = "Pods-Fyber.release.xcconfig"; path = "Pods/Target Support Files/Pods-Fyber/Pods-Fyber.release.xcconfig"; sourceTree = "<group>"; };
/* End PBXFileReference section */

/* Begin PBXFrameworksBuildPhase section */
		7A2BC5681BDE6B8B008B16E1 /* Frameworks */ = {
			isa = PBXFrameworksBuildPhase;
			buildActionMask = 2147483647;
			files = (
				6DB755496D40E7796D12531C /* libPods-FyberSDK.a in Frameworks */,
			);
			runOnlyForDeploymentPostprocessing = 0;
		};
		7A2BC5721BDE6B8B008B16E1 /* Frameworks */ = {
			isa = PBXFrameworksBuildPhase;
			buildActionMask = 2147483647;
			files = (
				7A2BC5761BDE6B8B008B16E1 /* FyberSDK.framework in Frameworks */,
			);
			runOnlyForDeploymentPostprocessing = 0;
		};
		7A43DB4F1BA3711E00B3F3BF /* Frameworks */ = {
			isa = PBXFrameworksBuildPhase;
			buildActionMask = 2147483647;
			files = (
				BF061CB08A16DB1A97391BBF /* libPods-FyberTests.a in Frameworks */,
			);
			runOnlyForDeploymentPostprocessing = 0;
		};
		7AB90D5E1BA1A43500479E68 /* Frameworks */ = {
			isa = PBXFrameworksBuildPhase;
			buildActionMask = 2147483647;
			files = (
				7A2BC5811BDE6B8B008B16E1 /* FyberSDK.framework in Frameworks */,
				68CBC4F751929E9B654A0D49 /* libPods-Fyber.a in Frameworks */,
			);
			runOnlyForDeploymentPostprocessing = 0;
		};
/* End PBXFrameworksBuildPhase section */

/* Begin PBXGroup section */
		12A3D8740D709198D7DE895F /* Frameworks */ = {
			isa = PBXGroup;
			children = (
				1A89897C0761100E2E49612E /* libPods-Fyber.a */,
				1786D203A5FFB219A5D0B212 /* libPods-FyberTests.a */,
				2A9F27A9538E3B11BF4B18C7 /* libPods-FyberSDK.a */,
				663895658603199BED9908BE /* libPods.a */,
			);
			name = Frameworks;
			sourceTree = "<group>";
		};
		7A2BC5661BDE64AC008B16E1 /* View */ = {
			isa = PBXGroup;
			children = (
				7A68D7AF1BA6E48F00021FDE /* NewOfferTableViewCell.h */,
				7A68D7B01BA6E48F00021FDE /* NewOfferTableViewCell.m */,
				7A68D7AD1BA6E2E800021FDE /* NewOfferTableViewCell.xib */,
			);
			name = View;
			path = ../Fyber;
			sourceTree = "<group>";
		};
		7A2BC56D1BDE6B8B008B16E1 /* FyberSDK */ = {
			isa = PBXGroup;
			children = (
				7AB90D7B1BA1BF2A00479E68 /* API */,
				7AB90D7F1BA1D0C100479E68 /* Vendors */,
				7AEC6D8A1BA2C95400A33B43 /* Model */,
				7A2BC5661BDE64AC008B16E1 /* View */,
				7A68D7A81BA6E04A00021FDE /* NewOffersTableViewController.h */,
				7A68D7A91BA6E04B00021FDE /* NewOffersTableViewController.m */,
				7A2BC5701BDE6B8B008B16E1 /* Info.plist */,
				7A2BC58A1BDE6C29008B16E1 /* FyberSDK.h */,
				7A2BC58B1BDE6C29008B16E1 /* FyberSDK.m */,
				7A9930CF1BDE81BB00900CFE /* NewOffersTableViewControllerProtocol.h */,
			);
			path = FyberSDK;
			sourceTree = "<group>";
		};
		7A2BC57B1BDE6B8B008B16E1 /* FyberSDKTests */ = {
			isa = PBXGroup;
			children = (
				7A2BC57C1BDE6B8B008B16E1 /* FyberSDKTests.m */,
				7A2BC57E1BDE6B8B008B16E1 /* Info.plist */,
			);
			path = FyberSDKTests;
			sourceTree = "<group>";
		};
		7A43DB531BA3711E00B3F3BF /* FyberTests */ = {
			isa = PBXGroup;
			children = (
				7A33E51C1BA378070093B137 /* SampleSpec.m */,
				7A5EC5AE1BA6007400920FD5 /* ViewControllerSpec.m */,
				7A43DB541BA3711E00B3F3BF /* FyberTests.m */,
				7A43DB561BA3711E00B3F3BF /* Info.plist */,
			);
			path = FyberTests;
			sourceTree = "<group>";
		};
		7AB90D581BA1A43500479E68 = {
			isa = PBXGroup;
			children = (
				7AB90D631BA1A43500479E68 /* Fyber */,
				7A43DB531BA3711E00B3F3BF /* FyberTests */,
				7A2BC56D1BDE6B8B008B16E1 /* FyberSDK */,
				7A2BC57B1BDE6B8B008B16E1 /* FyberSDKTests */,
				7AB90D621BA1A43500479E68 /* Products */,
				B298493FB0FC1E780F788425 /* Pods */,
				12A3D8740D709198D7DE895F /* Frameworks */,
			);
			sourceTree = "<group>";
		};
		7AB90D621BA1A43500479E68 /* Products */ = {
			isa = PBXGroup;
			children = (
				7AB90D611BA1A43500479E68 /* Fyber.app */,
				7A43DB521BA3711E00B3F3BF /* FyberTests.xctest */,
				7A2BC56C1BDE6B8B008B16E1 /* FyberSDK.framework */,
				7A2BC5751BDE6B8B008B16E1 /* FyberSDKTests.xctest */,
			);
			name = Products;
			sourceTree = "<group>";
		};
		7AB90D631BA1A43500479E68 /* Fyber */ = {
			isa = PBXGroup;
			children = (
				7AB90D671BA1A43500479E68 /* AppDelegate.h */,
				7AB90D681BA1A43500479E68 /* AppDelegate.m */,
				7AB90D6A1BA1A43500479E68 /* ViewController.h */,
				7AB90D6B1BA1A43500479E68 /* ViewController.m */,
				7AEC6D941BA2FF3800A33B43 /* OffersTableViewController.h */,
				7AEC6D951BA2FF3800A33B43 /* OffersTableViewController.m */,
				7AEC6D971BA3070300A33B43 /* OfferTableViewCell.h */,
				7AEC6D981BA3070300A33B43 /* OfferTableViewCell.m */,
				7AB90D6D1BA1A43500479E68 /* Main.storyboard */,
				7AB90D701BA1A43500479E68 /* Assets.xcassets */,
				7AB90D721BA1A43500479E68 /* LaunchScreen.storyboard */,
				7AB90D751BA1A43500479E68 /* Info.plist */,
				7AB90D641BA1A43500479E68 /* Supporting Files */,
			);
			path = Fyber;
			sourceTree = "<group>";
		};
		7AB90D641BA1A43500479E68 /* Supporting Files */ = {
			isa = PBXGroup;
			children = (
				7AB90D651BA1A43500479E68 /* main.m */,
			);
			name = "Supporting Files";
			sourceTree = "<group>";
		};
		7AB90D7B1BA1BF2A00479E68 /* API */ = {
			isa = PBXGroup;
			children = (
				7AB90D7C1BA1BF9A00479E68 /* FBRAPI.h */,
				7AB90D7D1BA1BF9A00479E68 /* FBRAPI.m */,
			);
			name = API;
			path = ../Fyber;
			sourceTree = "<group>";
		};
		7AB90D7F1BA1D0C100479E68 /* Vendors */ = {
			isa = PBXGroup;
			children = (
				7AB90D801BA1D17F00479E68 /* NSArray+JSONString.h */,
				7AB90D811BA1D17F00479E68 /* NSArray+JSONString.m */,
				7AB90D821BA1D17F00479E68 /* NSDictionary+JSONString.h */,
				7AB90D831BA1D17F00479E68 /* NSDictionary+JSONString.m */,
				7AB90D841BA1D17F00479E68 /* NSString+Networking.h */,
				7AB90D851BA1D17F00479E68 /* NSString+Networking.m */,
			);
			name = Vendors;
			path = ../Fyber;
			sourceTree = "<group>";
		};
		7AEC6D8A1BA2C95400A33B43 /* Model */ = {
			isa = PBXGroup;
			children = (
				7AEC6D8B1BA2DCAC00A33B43 /* WebObject.h */,
				7AEC6D8C1BA2DCAC00A33B43 /* WebObject.m */,
				7AEC6D8E1BA2DD5100A33B43 /* FBROffer.h */,
				7AEC6D8F1BA2DD5100A33B43 /* FBROffer.m */,
				7AEC6D911BA2F2E600A33B43 /* OfferImage.h */,
				7AEC6D921BA2F2E600A33B43 /* OfferImage.m */,
			);
			name = Model;
			path = ../Fyber;
			sourceTree = "<group>";
		};
		B298493FB0FC1E780F788425 /* Pods */ = {
			isa = PBXGroup;
			children = (
				999F872F02B85EEF8C0F634D /* Pods-Fyber.debug.xcconfig */,
				CC923AC500F208CA8CC47924 /* Pods-Fyber.release.xcconfig */,
				3D3886C589C8E4FF7BE823D7 /* Pods-FyberTests.debug.xcconfig */,
				5A2126169B7BC8A8784635D5 /* Pods-FyberTests.release.xcconfig */,
				B593928DB395119EE07FEF9A /* Pods-FyberSDK.debug.xcconfig */,
				55DB0D14FF71B3834B38A06E /* Pods-FyberSDK.release.xcconfig */,
				BA1EDAF2146FA69A33784F4D /* Pods.debug.xcconfig */,
				2D4FA7EC3FBC5754D798442D /* Pods.release.xcconfig */,
			);
			name = Pods;
			sourceTree = "<group>";
		};
/* End PBXGroup section */

/* Begin PBXHeadersBuildPhase section */
		7A2BC5691BDE6B8B008B16E1 /* Headers */ = {
			isa = PBXHeadersBuildPhase;
			buildActionMask = 2147483647;
			files = (
				7A2BC58C1BDE6C29008B16E1 /* FyberSDK.h in Headers */,
				7A2BC5971BDE726B008B16E1 /* FBRAPI.h in Headers */,
				7A2BC5981BDE726B008B16E1 /* NSArray+JSONString.h in Headers */,
				7A2BC5991BDE726B008B16E1 /* NSDictionary+JSONString.h in Headers */,
				7A2BC59A1BDE726B008B16E1 /* NSString+Networking.h in Headers */,
				7A2BC59B1BDE726B008B16E1 /* WebObject.h in Headers */,
				7A2BC59C1BDE726B008B16E1 /* FBROffer.h in Headers */,
				7A2BC59D1BDE726B008B16E1 /* OfferImage.h in Headers */,
				7A9930D01BDE81BB00900CFE /* NewOffersTableViewControllerProtocol.h in Headers */,
				7A2BC59E1BDE726B008B16E1 /* NewOfferTableViewCell.h in Headers */,
				7A2BC59F1BDE726B008B16E1 /* NewOffersTableViewController.h in Headers */,
			);
			runOnlyForDeploymentPostprocessing = 0;
		};
/* End PBXHeadersBuildPhase section */

/* Begin PBXNativeTarget section */
		7A2BC56B1BDE6B8B008B16E1 /* FyberSDK */ = {
			isa = PBXNativeTarget;
			buildConfigurationList = 7A2BC5831BDE6B8B008B16E1 /* Build configuration list for PBXNativeTarget "FyberSDK" */;
			buildPhases = (
				2DE8A0532E546BEA5DF62102 /* Check Pods Manifest.lock */,
				7A2BC5671BDE6B8B008B16E1 /* Sources */,
				7A2BC5681BDE6B8B008B16E1 /* Frameworks */,
				7A2BC5691BDE6B8B008B16E1 /* Headers */,
				7A2BC56A1BDE6B8B008B16E1 /* Resources */,
				3E8FF368CF7CE1FA24054BB2 /* Copy Pods Resources */,
			);
			buildRules = (
			);
			dependencies = (
			);
			name = FyberSDK;
			productName = FyberSDK;
			productReference = 7A2BC56C1BDE6B8B008B16E1 /* FyberSDK.framework */;
			productType = "com.apple.product-type.framework";
		};
		7A2BC5741BDE6B8B008B16E1 /* FyberSDKTests */ = {
			isa = PBXNativeTarget;
			buildConfigurationList = 7A2BC5871BDE6B8B008B16E1 /* Build configuration list for PBXNativeTarget "FyberSDKTests" */;
			buildPhases = (
				7A2BC5711BDE6B8B008B16E1 /* Sources */,
				7A2BC5721BDE6B8B008B16E1 /* Frameworks */,
				7A2BC5731BDE6B8B008B16E1 /* Resources */,
			);
			buildRules = (
			);
			dependencies = (
				7A2BC5781BDE6B8B008B16E1 /* PBXTargetDependency */,
				7A2BC57A1BDE6B8B008B16E1 /* PBXTargetDependency */,
			);
			name = FyberSDKTests;
			productName = FyberSDKTests;
			productReference = 7A2BC5751BDE6B8B008B16E1 /* FyberSDKTests.xctest */;
			productType = "com.apple.product-type.bundle.unit-test";
		};
		7A43DB511BA3711E00B3F3BF /* FyberTests */ = {
			isa = PBXNativeTarget;
			buildConfigurationList = 7A43DB5B1BA3711E00B3F3BF /* Build configuration list for PBXNativeTarget "FyberTests" */;
			buildPhases = (
				8DC61A11E7F62BFC34CABAAB /* Check Pods Manifest.lock */,
				7A43DB4E1BA3711E00B3F3BF /* Sources */,
				7A43DB4F1BA3711E00B3F3BF /* Frameworks */,
				7A43DB501BA3711E00B3F3BF /* Resources */,
				14BBD25452465BC69FCDB250 /* Embed Pods Frameworks */,
				5A229BA7C93A90232095D7A7 /* Copy Pods Resources */,
			);
			buildRules = (
			);
			dependencies = (
				7A43DB581BA3711E00B3F3BF /* PBXTargetDependency */,
			);
			name = FyberTests;
			productName = FyberTests;
			productReference = 7A43DB521BA3711E00B3F3BF /* FyberTests.xctest */;
			productType = "com.apple.product-type.bundle.unit-test";
		};
		7AB90D601BA1A43500479E68 /* Fyber */ = {
			isa = PBXNativeTarget;
			buildConfigurationList = 7AB90D781BA1A43500479E68 /* Build configuration list for PBXNativeTarget "Fyber" */;
			buildPhases = (
				C9D8B21A5537BF5590E41F6D /* Check Pods Manifest.lock */,
				7AB90D5D1BA1A43500479E68 /* Sources */,
				7AB90D5E1BA1A43500479E68 /* Frameworks */,
				7AB90D5F1BA1A43500479E68 /* Resources */,
				7A2BC5861BDE6B8B008B16E1 /* Embed Frameworks */,
				AED34E6B59A64295BBB10CBF /* Embed Pods Frameworks */,
				C6949CF2C5987BC03C23DCBF /* Copy Pods Resources */,
			);
			buildRules = (
			);
			dependencies = (
				7A2BC5801BDE6B8B008B16E1 /* PBXTargetDependency */,
			);
			name = Fyber;
			productName = Fyber;
			productReference = 7AB90D611BA1A43500479E68 /* Fyber.app */;
			productType = "com.apple.product-type.application";
		};
/* End PBXNativeTarget section */

/* Begin PBXProject section */
		7AB90D591BA1A43500479E68 /* Project object */ = {
			isa = PBXProject;
			attributes = {
				LastUpgradeCheck = 0700;
				ORGANIZATIONNAME = "Evgeniy Disyak";
				TargetAttributes = {
					7A2BC56B1BDE6B8B008B16E1 = {
						CreatedOnToolsVersion = 7.1;
						DevelopmentTeam = LCV728N365;
					};
					7A2BC5741BDE6B8B008B16E1 = {
						CreatedOnToolsVersion = 7.1;
						TestTargetID = 7AB90D601BA1A43500479E68;
					};
					7A43DB511BA3711E00B3F3BF = {
						CreatedOnToolsVersion = 7.0;
						TestTargetID = 7AB90D601BA1A43500479E68;
					};
					7AB90D601BA1A43500479E68 = {
						CreatedOnToolsVersion = 7.0;
						DevelopmentTeam = LCV728N365;
					};
				};
			};
			buildConfigurationList = 7AB90D5C1BA1A43500479E68 /* Build configuration list for PBXProject "Fyber" */;
			compatibilityVersion = "Xcode 3.2";
			developmentRegion = English;
			hasScannedForEncodings = 0;
			knownRegions = (
				en,
				Base,
			);
			mainGroup = 7AB90D581BA1A43500479E68;
			productRefGroup = 7AB90D621BA1A43500479E68 /* Products */;
			projectDirPath = "";
			projectRoot = "";
			targets = (
				7AB90D601BA1A43500479E68 /* Fyber */,
				7A43DB511BA3711E00B3F3BF /* FyberTests */,
				7A2BC56B1BDE6B8B008B16E1 /* FyberSDK */,
				7A2BC5741BDE6B8B008B16E1 /* FyberSDKTests */,
			);
		};
/* End PBXProject section */

/* Begin PBXResourcesBuildPhase section */
		7A2BC56A1BDE6B8B008B16E1 /* Resources */ = {
			isa = PBXResourcesBuildPhase;
			buildActionMask = 2147483647;
			files = (
				7A9930D21BDE861000900CFE /* NewOfferTableViewCell.xib in Resources */,
			);
			runOnlyForDeploymentPostprocessing = 0;
		};
		7A2BC5731BDE6B8B008B16E1 /* Resources */ = {
			isa = PBXResourcesBuildPhase;
			buildActionMask = 2147483647;
			files = (
			);
			runOnlyForDeploymentPostprocessing = 0;
		};
		7A43DB501BA3711E00B3F3BF /* Resources */ = {
			isa = PBXResourcesBuildPhase;
			buildActionMask = 2147483647;
			files = (
			);
			runOnlyForDeploymentPostprocessing = 0;
		};
		7AB90D5F1BA1A43500479E68 /* Resources */ = {
			isa = PBXResourcesBuildPhase;
			buildActionMask = 2147483647;
			files = (
				7AB90D741BA1A43500479E68 /* LaunchScreen.storyboard in Resources */,
				7A9930D31BDE8A3300900CFE /* NewOfferTableViewCell.xib in Resources */,
				7AB90D711BA1A43500479E68 /* Assets.xcassets in Resources */,
				7AB90D6F1BA1A43500479E68 /* Main.storyboard in Resources */,
			);
			runOnlyForDeploymentPostprocessing = 0;
		};
/* End PBXResourcesBuildPhase section */

/* Begin PBXShellScriptBuildPhase section */
		14BBD25452465BC69FCDB250 /* Embed Pods Frameworks */ = {
			isa = PBXShellScriptBuildPhase;
			buildActionMask = 2147483647;
			files = (
			);
			inputPaths = (
			);
			name = "Embed Pods Frameworks";
			outputPaths = (
			);
			runOnlyForDeploymentPostprocessing = 0;
			shellPath = /bin/sh;
			shellScript = "\"${SRCROOT}/Pods/Target Support Files/Pods-FyberTests/Pods-FyberTests-frameworks.sh\"\n";
			showEnvVarsInLog = 0;
		};
		2DE8A0532E546BEA5DF62102 /* Check Pods Manifest.lock */ = {
			isa = PBXShellScriptBuildPhase;
			buildActionMask = 2147483647;
			files = (
			);
			inputPaths = (
			);
			name = "Check Pods Manifest.lock";
			outputPaths = (
			);
			runOnlyForDeploymentPostprocessing = 0;
			shellPath = /bin/sh;
			shellScript = "diff \"${PODS_ROOT}/../Podfile.lock\" \"${PODS_ROOT}/Manifest.lock\" > /dev/null\nif [[ $? != 0 ]] ; then\n    cat << EOM\nerror: The sandbox is not in sync with the Podfile.lock. Run 'pod install' or update your CocoaPods installation.\nEOM\n    exit 1\nfi\n";
			showEnvVarsInLog = 0;
		};
		3E8FF368CF7CE1FA24054BB2 /* Copy Pods Resources */ = {
			isa = PBXShellScriptBuildPhase;
			buildActionMask = 2147483647;
			files = (
			);
			inputPaths = (
			);
			name = "Copy Pods Resources";
			outputPaths = (
			);
			runOnlyForDeploymentPostprocessing = 0;
			shellPath = /bin/sh;
			shellScript = "\"${SRCROOT}/Pods/Target Support Files/Pods-FyberSDK/Pods-FyberSDK-resources.sh\"\n";
			showEnvVarsInLog = 0;
		};
		5A229BA7C93A90232095D7A7 /* Copy Pods Resources */ = {
			isa = PBXShellScriptBuildPhase;
			buildActionMask = 2147483647;
			files = (
			);
			inputPaths = (
			);
			name = "Copy Pods Resources";
			outputPaths = (
			);
			runOnlyForDeploymentPostprocessing = 0;
			shellPath = /bin/sh;
			shellScript = "\"${SRCROOT}/Pods/Target Support Files/Pods-FyberTests/Pods-FyberTests-resources.sh\"\n";
			showEnvVarsInLog = 0;
		};
		8DC61A11E7F62BFC34CABAAB /* Check Pods Manifest.lock */ = {
			isa = PBXShellScriptBuildPhase;
			buildActionMask = 2147483647;
			files = (
			);
			inputPaths = (
			);
			name = "Check Pods Manifest.lock";
			outputPaths = (
			);
			runOnlyForDeploymentPostprocessing = 0;
			shellPath = /bin/sh;
			shellScript = "diff \"${PODS_ROOT}/../Podfile.lock\" \"${PODS_ROOT}/Manifest.lock\" > /dev/null\nif [[ $? != 0 ]] ; then\n    cat << EOM\nerror: The sandbox is not in sync with the Podfile.lock. Run 'pod install' or update your CocoaPods installation.\nEOM\n    exit 1\nfi\n";
			showEnvVarsInLog = 0;
		};
		AED34E6B59A64295BBB10CBF /* Embed Pods Frameworks */ = {
			isa = PBXShellScriptBuildPhase;
			buildActionMask = 2147483647;
			files = (
			);
			inputPaths = (
			);
			name = "Embed Pods Frameworks";
			outputPaths = (
			);
			runOnlyForDeploymentPostprocessing = 0;
			shellPath = /bin/sh;
			shellScript = "\"${SRCROOT}/Pods/Target Support Files/Pods-Fyber/Pods-Fyber-frameworks.sh\"\n";
			showEnvVarsInLog = 0;
		};
		C6949CF2C5987BC03C23DCBF /* Copy Pods Resources */ = {
			isa = PBXShellScriptBuildPhase;
			buildActionMask = 2147483647;
			files = (
			);
			inputPaths = (
			);
			name = "Copy Pods Resources";
			outputPaths = (
			);
			runOnlyForDeploymentPostprocessing = 0;
			shellPath = /bin/sh;
			shellScript = "\"${SRCROOT}/Pods/Target Support Files/Pods-Fyber/Pods-Fyber-resources.sh\"\n";
			showEnvVarsInLog = 0;
		};
		C9D8B21A5537BF5590E41F6D /* Check Pods Manifest.lock */ = {
			isa = PBXShellScriptBuildPhase;
			buildActionMask = 2147483647;
			files = (
			);
			inputPaths = (
			);
			name = "Check Pods Manifest.lock";
			outputPaths = (
			);
			runOnlyForDeploymentPostprocessing = 0;
			shellPath = /bin/sh;
			shellScript = "diff \"${PODS_ROOT}/../Podfile.lock\" \"${PODS_ROOT}/Manifest.lock\" > /dev/null\nif [[ $? != 0 ]] ; then\n    cat << EOM\nerror: The sandbox is not in sync with the Podfile.lock. Run 'pod install' or update your CocoaPods installation.\nEOM\n    exit 1\nfi\n";
			showEnvVarsInLog = 0;
		};
/* End PBXShellScriptBuildPhase section */

/* Begin PBXSourcesBuildPhase section */
		7A2BC5671BDE6B8B008B16E1 /* Sources */ = {
			isa = PBXSourcesBuildPhase;
			buildActionMask = 2147483647;
			files = (
				7A2BC58E1BDE7250008B16E1 /* FBRAPI.m in Sources */,
				7A2BC58F1BDE7250008B16E1 /* NSArray+JSONString.m in Sources */,
				7A2BC5901BDE7250008B16E1 /* NSDictionary+JSONString.m in Sources */,
				7A2BC5911BDE7250008B16E1 /* NSString+Networking.m in Sources */,
				7A2BC5921BDE7250008B16E1 /* WebObject.m in Sources */,
				7A2BC5931BDE7250008B16E1 /* FBROffer.m in Sources */,
				7A2BC5941BDE7250008B16E1 /* OfferImage.m in Sources */,
				7A2BC5951BDE7250008B16E1 /* NewOfferTableViewCell.m in Sources */,
				7A2BC5961BDE7250008B16E1 /* NewOffersTableViewController.m in Sources */,
				7A2BC58D1BDE6C29008B16E1 /* FyberSDK.m in Sources */,
			);
			runOnlyForDeploymentPostprocessing = 0;
		};
		7A2BC5711BDE6B8B008B16E1 /* Sources */ = {
			isa = PBXSourcesBuildPhase;
			buildActionMask = 2147483647;
			files = (
				7A2BC57D1BDE6B8B008B16E1 /* FyberSDKTests.m in Sources */,
			);
			runOnlyForDeploymentPostprocessing = 0;
		};
		7A43DB4E1BA3711E00B3F3BF /* Sources */ = {
			isa = PBXSourcesBuildPhase;
			buildActionMask = 2147483647;
			files = (
				7A33E51D1BA378070093B137 /* SampleSpec.m in Sources */,
				7A43DB551BA3711E00B3F3BF /* FyberTests.m in Sources */,
				7A5EC5AF1BA6007400920FD5 /* ViewControllerSpec.m in Sources */,
			);
			runOnlyForDeploymentPostprocessing = 0;
		};
		7AB90D5D1BA1A43500479E68 /* Sources */ = {
			isa = PBXSourcesBuildPhase;
			buildActionMask = 2147483647;
			files = (
				7AEC6D991BA3070300A33B43 /* OfferTableViewCell.m in Sources */,
				7AB90D6C1BA1A43500479E68 /* ViewController.m in Sources */,
				7AB90D691BA1A43500479E68 /* AppDelegate.m in Sources */,
				7AB90D661BA1A43500479E68 /* main.m in Sources */,
				7AEC6D961BA2FF3800A33B43 /* OffersTableViewController.m in Sources */,
			);
			runOnlyForDeploymentPostprocessing = 0;
		};
/* End PBXSourcesBuildPhase section */

/* Begin PBXTargetDependency section */
		7A2BC5781BDE6B8B008B16E1 /* PBXTargetDependency */ = {
			isa = PBXTargetDependency;
			target = 7A2BC56B1BDE6B8B008B16E1 /* FyberSDK */;
			targetProxy = 7A2BC5771BDE6B8B008B16E1 /* PBXContainerItemProxy */;
		};
		7A2BC57A1BDE6B8B008B16E1 /* PBXTargetDependency */ = {
			isa = PBXTargetDependency;
			target = 7AB90D601BA1A43500479E68 /* Fyber */;
			targetProxy = 7A2BC5791BDE6B8B008B16E1 /* PBXContainerItemProxy */;
		};
		7A2BC5801BDE6B8B008B16E1 /* PBXTargetDependency */ = {
			isa = PBXTargetDependency;
			target = 7A2BC56B1BDE6B8B008B16E1 /* FyberSDK */;
			targetProxy = 7A2BC57F1BDE6B8B008B16E1 /* PBXContainerItemProxy */;
		};
		7A43DB581BA3711E00B3F3BF /* PBXTargetDependency */ = {
			isa = PBXTargetDependency;
			target = 7AB90D601BA1A43500479E68 /* Fyber */;
			targetProxy = 7A43DB571BA3711E00B3F3BF /* PBXContainerItemProxy */;
		};
/* End PBXTargetDependency section */

/* Begin PBXVariantGroup section */
		7AB90D6D1BA1A43500479E68 /* Main.storyboard */ = {
			isa = PBXVariantGroup;
			children = (
				7AB90D6E1BA1A43500479E68 /* Base */,
			);
			name = Main.storyboard;
			sourceTree = "<group>";
		};
		7AB90D721BA1A43500479E68 /* LaunchScreen.storyboard */ = {
			isa = PBXVariantGroup;
			children = (
				7AB90D731BA1A43500479E68 /* Base */,
			);
			name = LaunchScreen.storyboard;
			sourceTree = "<group>";
		};
/* End PBXVariantGroup section */

/* Begin XCBuildConfiguration section */
		7A2BC5841BDE6B8B008B16E1 /* Debug */ = {
			isa = XCBuildConfiguration;
			baseConfigurationReference = B593928DB395119EE07FEF9A /* Pods-FyberSDK.debug.xcconfig */;
			buildSettings = {
				CODE_SIGN_IDENTITY = "iPhone Developer";
				CURRENT_PROJECT_VERSION = 1;
				DEFINES_MODULE = YES;
				DYLIB_COMPATIBILITY_VERSION = 1;
				DYLIB_CURRENT_VERSION = 1;
				DYLIB_INSTALL_NAME_BASE = "@rpath";
				FRAMEWORK_SEARCH_PATHS = "$(inherited)";
				INFOPLIST_FILE = FyberSDK/Info.plist;
				INSTALL_PATH = "$(LOCAL_LIBRARY_DIR)/Frameworks";
				IPHONEOS_DEPLOYMENT_TARGET = 9.1;
				LD_RUNPATH_SEARCH_PATHS = "$(inherited) @executable_path/Frameworks @loader_path/Frameworks";
				PRODUCT_BUNDLE_IDENTIFIER = NewVisionLLC.FyberSDK;
				PRODUCT_NAME = "$(TARGET_NAME)";
				SKIP_INSTALL = YES;
				VERSIONING_SYSTEM = "apple-generic";
				VERSION_INFO_PREFIX = "";
			};
			name = Debug;
		};
		7A2BC5851BDE6B8B008B16E1 /* Release */ = {
			isa = XCBuildConfiguration;
			baseConfigurationReference = 55DB0D14FF71B3834B38A06E /* Pods-FyberSDK.release.xcconfig */;
			buildSettings = {
				CODE_SIGN_IDENTITY = "iPhone Developer";
				CURRENT_PROJECT_VERSION = 1;
				DEFINES_MODULE = YES;
				DYLIB_COMPATIBILITY_VERSION = 1;
				DYLIB_CURRENT_VERSION = 1;
				DYLIB_INSTALL_NAME_BASE = "@rpath";
				FRAMEWORK_SEARCH_PATHS = "$(inherited)";
				INFOPLIST_FILE = FyberSDK/Info.plist;
				INSTALL_PATH = "$(LOCAL_LIBRARY_DIR)/Frameworks";
				IPHONEOS_DEPLOYMENT_TARGET = 9.1;
				LD_RUNPATH_SEARCH_PATHS = "$(inherited) @executable_path/Frameworks @loader_path/Frameworks";
				PRODUCT_BUNDLE_IDENTIFIER = NewVisionLLC.FyberSDK;
				PRODUCT_NAME = "$(TARGET_NAME)";
				SKIP_INSTALL = YES;
				VERSIONING_SYSTEM = "apple-generic";
				VERSION_INFO_PREFIX = "";
			};
			name = Release;
		};
		7A2BC5881BDE6B8B008B16E1 /* Debug */ = {
			isa = XCBuildConfiguration;
			buildSettings = {
				INFOPLIST_FILE = FyberSDKTests/Info.plist;
				IPHONEOS_DEPLOYMENT_TARGET = 9.1;
				LD_RUNPATH_SEARCH_PATHS = "$(inherited) @executable_path/Frameworks @loader_path/Frameworks";
				PRODUCT_BUNDLE_IDENTIFIER = NewVisionLLC.FyberSDKTests;
				PRODUCT_NAME = "$(TARGET_NAME)";
				TEST_HOST = "$(BUILT_PRODUCTS_DIR)/Fyber.app/Fyber";
			};
			name = Debug;
		};
		7A2BC5891BDE6B8B008B16E1 /* Release */ = {
			isa = XCBuildConfiguration;
			buildSettings = {
				INFOPLIST_FILE = FyberSDKTests/Info.plist;
				IPHONEOS_DEPLOYMENT_TARGET = 9.1;
				LD_RUNPATH_SEARCH_PATHS = "$(inherited) @executable_path/Frameworks @loader_path/Frameworks";
				PRODUCT_BUNDLE_IDENTIFIER = NewVisionLLC.FyberSDKTests;
				PRODUCT_NAME = "$(TARGET_NAME)";
				TEST_HOST = "$(BUILT_PRODUCTS_DIR)/Fyber.app/Fyber";
			};
			name = Release;
		};
		7A43DB591BA3711E00B3F3BF /* Debug */ = {
			isa = XCBuildConfiguration;
			baseConfigurationReference = 3D3886C589C8E4FF7BE823D7 /* Pods-FyberTests.debug.xcconfig */;
			buildSettings = {
				BUNDLE_LOADER = "$(TEST_HOST)";
				INFOPLIST_FILE = FyberTests/Info.plist;
				LD_RUNPATH_SEARCH_PATHS = "$(inherited) @executable_path/Frameworks @loader_path/Frameworks";
				OTHER_LDFLAGS = (
					"$(inherited)",
					"-ObjC",
					"-l\"Kiwi\"",
					"-framework",
					"\"XCTest\"",
				);
				PRODUCT_BUNDLE_IDENTIFIER = NewVisionLLC.FyberTests;
				PRODUCT_NAME = "$(TARGET_NAME)";
				TEST_HOST = "$(BUILT_PRODUCTS_DIR)/Fyber.app/Fyber";
			};
			name = Debug;
		};
		7A43DB5A1BA3711E00B3F3BF /* Release */ = {
			isa = XCBuildConfiguration;
			baseConfigurationReference = 5A2126169B7BC8A8784635D5 /* Pods-FyberTests.release.xcconfig */;
			buildSettings = {
				BUNDLE_LOADER = "$(TEST_HOST)";
				INFOPLIST_FILE = FyberTests/Info.plist;
				LD_RUNPATH_SEARCH_PATHS = "$(inherited) @executable_path/Frameworks @loader_path/Frameworks";
				OTHER_LDFLAGS = (
					"$(inherited)",
					"-ObjC",
					"-l\"Kiwi\"",
					"-framework",
					"\"XCTest\"",
				);
				PRODUCT_BUNDLE_IDENTIFIER = NewVisionLLC.FyberTests;
				PRODUCT_NAME = "$(TARGET_NAME)";
				TEST_HOST = "$(BUILT_PRODUCTS_DIR)/Fyber.app/Fyber";
			};
			name = Release;
		};
		7AB90D761BA1A43500479E68 /* Debug */ = {
			isa = XCBuildConfiguration;
			buildSettings = {
				ALWAYS_SEARCH_USER_PATHS = NO;
				CLANG_CXX_LANGUAGE_STANDARD = "gnu++0x";
				CLANG_CXX_LIBRARY = "libc++";
				CLANG_ENABLE_MODULES = YES;
				CLANG_ENABLE_OBJC_ARC = YES;
				CLANG_WARN_BOOL_CONVERSION = YES;
				CLANG_WARN_CONSTANT_CONVERSION = YES;
				CLANG_WARN_DIRECT_OBJC_ISA_USAGE = YES_ERROR;
				CLANG_WARN_EMPTY_BODY = YES;
				CLANG_WARN_ENUM_CONVERSION = YES;
				CLANG_WARN_INT_CONVERSION = YES;
				CLANG_WARN_OBJC_ROOT_CLASS = YES_ERROR;
				CLANG_WARN_UNREACHABLE_CODE = YES;
				CLANG_WARN__DUPLICATE_METHOD_MATCH = YES;
				"CODE_SIGN_IDENTITY[sdk=iphoneos*]" = "iPhone Developer";
				COPY_PHASE_STRIP = NO;
				DEBUG_INFORMATION_FORMAT = dwarf;
				ENABLE_STRICT_OBJC_MSGSEND = YES;
				ENABLE_TESTABILITY = YES;
				GCC_C_LANGUAGE_STANDARD = gnu99;
				GCC_DYNAMIC_NO_PIC = NO;
				GCC_NO_COMMON_BLOCKS = YES;
				GCC_OPTIMIZATION_LEVEL = 0;
				GCC_PREPROCESSOR_DEFINITIONS = (
					"DEBUG=1",
					"$(inherited)",
				);
				GCC_WARN_64_TO_32_BIT_CONVERSION = YES;
				GCC_WARN_ABOUT_RETURN_TYPE = YES_ERROR;
				GCC_WARN_UNDECLARED_SELECTOR = YES;
				GCC_WARN_UNINITIALIZED_AUTOS = YES_AGGRESSIVE;
				GCC_WARN_UNUSED_FUNCTION = YES;
				GCC_WARN_UNUSED_VARIABLE = YES;
				IPHONEOS_DEPLOYMENT_TARGET = 9.0;
				MTL_ENABLE_DEBUG_INFO = YES;
				ONLY_ACTIVE_ARCH = YES;
				SDKROOT = iphoneos;
				TARGETED_DEVICE_FAMILY = "1,2";
			};
			name = Debug;
		};
		7AB90D771BA1A43500479E68 /* Release */ = {
			isa = XCBuildConfiguration;
			buildSettings = {
				ALWAYS_SEARCH_USER_PATHS = NO;
				CLANG_CXX_LANGUAGE_STANDARD = "gnu++0x";
				CLANG_CXX_LIBRARY = "libc++";
				CLANG_ENABLE_MODULES = YES;
				CLANG_ENABLE_OBJC_ARC = YES;
				CLANG_WARN_BOOL_CONVERSION = YES;
				CLANG_WARN_CONSTANT_CONVERSION = YES;
				CLANG_WARN_DIRECT_OBJC_ISA_USAGE = YES_ERROR;
				CLANG_WARN_EMPTY_BODY = YES;
				CLANG_WARN_ENUM_CONVERSION = YES;
				CLANG_WARN_INT_CONVERSION = YES;
				CLANG_WARN_OBJC_ROOT_CLASS = YES_ERROR;
				CLANG_WARN_UNREACHABLE_CODE = YES;
				CLANG_WARN__DUPLICATE_METHOD_MATCH = YES;
				"CODE_SIGN_IDENTITY[sdk=iphoneos*]" = "iPhone Developer";
				COPY_PHASE_STRIP = NO;
				DEBUG_INFORMATION_FORMAT = "dwarf-with-dsym";
				ENABLE_NS_ASSERTIONS = NO;
				ENABLE_STRICT_OBJC_MSGSEND = YES;
				GCC_C_LANGUAGE_STANDARD = gnu99;
				GCC_NO_COMMON_BLOCKS = YES;
				GCC_WARN_64_TO_32_BIT_CONVERSION = YES;
				GCC_WARN_ABOUT_RETURN_TYPE = YES_ERROR;
				GCC_WARN_UNDECLARED_SELECTOR = YES;
				GCC_WARN_UNINITIALIZED_AUTOS = YES_AGGRESSIVE;
				GCC_WARN_UNUSED_FUNCTION = YES;
				GCC_WARN_UNUSED_VARIABLE = YES;
				IPHONEOS_DEPLOYMENT_TARGET = 9.0;
				MTL_ENABLE_DEBUG_INFO = NO;
				SDKROOT = iphoneos;
				TARGETED_DEVICE_FAMILY = "1,2";
				VALIDATE_PRODUCT = YES;
			};
			name = Release;
		};
		7AB90D791BA1A43500479E68 /* Debug */ = {
			isa = XCBuildConfiguration;
			baseConfigurationReference = 999F872F02B85EEF8C0F634D /* Pods-Fyber.debug.xcconfig */;
			buildSettings = {
				ASSETCATALOG_COMPILER_APPICON_NAME = AppIcon;
				CODE_SIGN_IDENTITY = "iPhone Developer";
				INFOPLIST_FILE = Fyber/Info.plist;
				IPHONEOS_DEPLOYMENT_TARGET = 8.1;
				LD_RUNPATH_SEARCH_PATHS = "$(inherited) @executable_path/Frameworks";
				PRODUCT_BUNDLE_IDENTIFIER = NewVisionLLC.Fyber;
				PRODUCT_NAME = "$(TARGET_NAME)";
			};
			name = Debug;
		};
		7AB90D7A1BA1A43500479E68 /* Release */ = {
			isa = XCBuildConfiguration;
			baseConfigurationReference = CC923AC500F208CA8CC47924 /* Pods-Fyber.release.xcconfig */;
			buildSettings = {
				ASSETCATALOG_COMPILER_APPICON_NAME = AppIcon;
				CODE_SIGN_IDENTITY = "iPhone Developer";
				INFOPLIST_FILE = Fyber/Info.plist;
				IPHONEOS_DEPLOYMENT_TARGET = 8.1;
				LD_RUNPATH_SEARCH_PATHS = "$(inherited) @executable_path/Frameworks";
				PRODUCT_BUNDLE_IDENTIFIER = NewVisionLLC.Fyber;
				PRODUCT_NAME = "$(TARGET_NAME)";
			};
			name = Release;
		};
/* End XCBuildConfiguration section */

/* Begin XCConfigurationList section */
		7A2BC5831BDE6B8B008B16E1 /* Build configuration list for PBXNativeTarget "FyberSDK" */ = {
			isa = XCConfigurationList;
			buildConfigurations = (
				7A2BC5841BDE6B8B008B16E1 /* Debug */,
				7A2BC5851BDE6B8B008B16E1 /* Release */,
			);
			defaultConfigurationIsVisible = 0;
			defaultConfigurationName = Release;
		};
		7A2BC5871BDE6B8B008B16E1 /* Build configuration list for PBXNativeTarget "FyberSDKTests" */ = {
			isa = XCConfigurationList;
			buildConfigurations = (
				7A2BC5881BDE6B8B008B16E1 /* Debug */,
				7A2BC5891BDE6B8B008B16E1 /* Release */,
			);
			defaultConfigurationIsVisible = 0;
			defaultConfigurationName = Release;
		};
		7A43DB5B1BA3711E00B3F3BF /* Build configuration list for PBXNativeTarget "FyberTests" */ = {
			isa = XCConfigurationList;
			buildConfigurations = (
				7A43DB591BA3711E00B3F3BF /* Debug */,
				7A43DB5A1BA3711E00B3F3BF /* Release */,
			);
			defaultConfigurationIsVisible = 0;
			defaultConfigurationName = Release;
		};
		7AB90D5C1BA1A43500479E68 /* Build configuration list for PBXProject "Fyber" */ = {
			isa = XCConfigurationList;
			buildConfigurations = (
				7AB90D761BA1A43500479E68 /* Debug */,
				7AB90D771BA1A43500479E68 /* Release */,
			);
			defaultConfigurationIsVisible = 0;
			defaultConfigurationName = Release;
		};
		7AB90D781BA1A43500479E68 /* Build configuration list for PBXNativeTarget "Fyber" */ = {
			isa = XCConfigurationList;
			buildConfigurations = (
				7AB90D791BA1A43500479E68 /* Debug */,
				7AB90D7A1BA1A43500479E68 /* Release */,
			);
			defaultConfigurationIsVisible = 0;
			defaultConfigurationName = Release;
		};
/* End XCConfigurationList section */
	};
	rootObject = 7AB90D591BA1A43500479E68 /* Project object */;
}
